<?xml version="1.0" encoding="utf-8"?>
<Project ToolsVersion="4.0" xmlns="http://schemas.microsoft.com/developer/msbuild/2003">
  <ItemGroup>
    <Filter Include="源文件">
      <UniqueIdentifier>{4FC737F1-C7A5-4376-A066-2A32D752A2FF}</UniqueIdentifier>
      <Extensions>cpp;c;cc;cxx;def;odl;idl;hpj;bat;asm;asmx</Extensions>
    </Filter>
    <Filter Include="头文件">
      <UniqueIdentifier>{93995380-89BD-4b04-88EB-625FBE52EBFB}</UniqueIdentifier>
      <Extensions>h;hpp;hxx;hm;inl;inc;xsd</Extensions>
    </Filter>
    <Filter Include="资源文件">
      <UniqueIdentifier>{67DA6AB6-F800-4c08-8B7A-83BB121AAD01}</UniqueIdentifier>
      <Extensions>rc;ico;cur;bmp;dlg;rc2;rct;bin;rgs;gif;jpg;jpeg;jpe;resx;tiff;tif;png;wav;mfcribbon-ms</Extensions>
    </Filter>
    <Filter Include="base">
      <UniqueIdentifier>{838d0d3c-4061-418d-830a-8f69d66a35bc}</UniqueIdentifier>
    </Filter>
    <Filter Include="command">
      <UniqueIdentifier>{10ee70d8-6500-4597-a7fc-78336f081aad}</UniqueIdentifier>
    </Filter>
    <Filter Include="virtual_disk">
      <UniqueIdentifier>{8787079f-2935-4e9e-8bb6-ebf9da55f578}</UniqueIdentifier>
    </Filter>
    <Filter Include="misc">
      <UniqueIdentifier>{cdb11594-5b2a-43c2-8bd8-f69a047f6e4f}</UniqueIdentifier>
    </Filter>
  </ItemGroup>
  <ItemGroup>
    <ClInclude Include="IVirtualDiskProxy.h">
      <Filter>头文件</Filter>
    </ClInclude>
    <ClInclude Include="DelegateMem.h">
      <Filter>base</Filter>
    </ClInclude>
    <ClInclude Include="MyString.h">
      <Filter>base</Filter>
    </ClInclude>
    <ClInclude Include="SmartPtr.h">
      <Filter>base</Filter>
    </ClInclude>
    <ClInclude Include="Vector.h">
      <Filter>base</Filter>
    </ClInclude>
    <ClInclude Include="CommandRmdir.h">
      <Filter>command</Filter>
    </ClInclude>
    <ClInclude Include="CommandCd.h">
      <Filter>command</Filter>
    </ClInclude>
    <ClInclude Include="CommandCompare.h">
      <Filter>command</Filter>
    </ClInclude>
    <ClInclude Include="CommandCopy.h">
      <Filter>command</Filter>
    </ClInclude>
    <ClInclude Include="CommandDel.h">
      <Filter>command</Filter>
    </ClInclude>
    <ClInclude Include="CommandDir.h">
      <Filter>command</Filter>
    </ClInclude>
    <ClInclude Include="CommandException.h">
      <Filter>command</Filter>
    </ClInclude>
    <ClInclude Include="CommandFactory.h">
      <Filter>command</Filter>
    </ClInclude>
    <ClInclude Include="CommandInterface.h">
      <Filter>command</Filter>
    </ClInclude>
    <ClInclude Include="CommandMkdir.h">
      <Filter>command</Filter>
    </ClInclude>
    <ClInclude Include="path.h">
      <Filter>misc</Filter>
    </ClInclude>
    <ClInclude Include="CommandParser.h">
      <Filter>misc</Filter>
    </ClInclude>
    <ClInclude Include="DirHandler.h">
      <Filter>virtual_disk</Filter>
    </ClInclude>
    <ClInclude Include="DirNode.h">
      <Filter>virtual_disk</Filter>
    </ClInclude>
    <ClInclude Include="DirIterator.h">
      <Filter>virtual_disk</Filter>
    </ClInclude>
    <ClInclude Include="FileNode.h">
      <Filter>virtual_disk</Filter>
    </ClInclude>
    <ClInclude Include="FileHandler.h">
      <Filter>virtual_disk</Filter>
    </ClInclude>
    <ClInclude Include="VfsNode.h">
      <Filter>virtual_disk</Filter>
    </ClInclude>
    <ClInclude Include="state.h">
      <Filter>virtual_disk</Filter>
    </ClInclude>
    <ClInclude Include="VolumnNode.h">
      <Filter>virtual_disk</Filter>
    </ClInclude>
    <ClInclude Include="VirtualDiskNode.h">
      <Filter>virtual_disk</Filter>
    </ClInclude>
    <ClInclude Include="FindResult.h">
      <Filter>头文件</Filter>
    </ClInclude>
    <ClInclude Include="VirtualDisk.h">
      <Filter>头文件</Filter>
    </ClInclude>
    <ClInclude Include="CommandChangeVolumn.h">
      <Filter>command</Filter>
    </ClInclude>
    <ClInclude Include="CommandPrompt.h">
      <Filter>command</Filter>
    </ClInclude>
  </ItemGroup>
  <ItemGroup>
    <ClCompile Include="MyString.cpp">
      <Filter>base</Filter>
    </ClCompile>
    <ClCompile Include="CommandCd.cpp">
      <Filter>command</Filter>
    </ClCompile>
    <ClCompile Include="CommandCompare.cpp">
      <Filter>command</Filter>
    </ClCompile>
    <ClCompile Include="CommandCopy.cpp">
      <Filter>command</Filter>
    </ClCompile>
    <ClCompile Include="CommandDel.cpp">
      <Filter>command</Filter>
    </ClCompile>
    <ClCompile Include="CommandDir.cpp">
      <Filter>command</Filter>
    </ClCompile>
    <ClCompile Include="CommandException.cpp">
      <Filter>command</Filter>
    </ClCompile>
    <ClCompile Include="CommandFactory.cpp">
      <Filter>command</Filter>
    </ClCompile>
    <ClCompile Include="CommandInterface.cpp">
      <Filter>command</Filter>
    </ClCompile>
    <ClCompile Include="CommandMkdir.cpp">
      <Filter>command</Filter>
    </ClCompile>
    <ClCompile Include="CommandRmdir.cpp">
      <Filter>command</Filter>
    </ClCompile>
    <ClCompile Include="path.cpp">
      <Filter>misc</Filter>
    </ClCompile>
    <ClCompile Include="CommandParser.cpp">
      <Filter>misc</Filter>
    </ClCompile>
    <ClCompile Include="DirHandler.cpp">
      <Filter>virtual_disk</Filter>
    </ClCompile>
    <ClCompile Include="DirIterator.cpp">
      <Filter>virtual_disk</Filter>
    </ClCompile>
    <ClCompile Include="DirNode.cpp">
      <Filter>virtual_disk</Filter>
    </ClCompile>
    <ClCompile Include="FileHandler.cpp">
      <Filter>virtual_disk</Filter>
    </ClCompile>
    <ClCompile Include="FileNode.cpp">
      <Filter>virtual_disk</Filter>
    </ClCompile>
    <ClCompile Include="VfsNode.cpp">
      <Filter>virtual_disk</Filter>
    </ClCompile>
    <ClCompile Include="VolumnNode.cpp">
      <Filter>virtual_disk</Filter>
    </ClCompile>
    <ClCompile Include="VirtualDiskNode.cpp">
      <Filter>virtual_disk</Filter>
    </ClCompile>
    <ClCompile Include="FindResult.cpp">
      <Filter>源文件</Filter>
    </ClCompile>
    <ClCompile Include="VirtualDisk.cpp">
      <Filter>源文件</Filter>
    </ClCompile>
    <ClCompile Include="CommandChangeVolumn.cpp">
      <Filter>command</Filter>
    </ClCompile>
    <ClCompile Include="CommandPrompt.cpp">
      <Filter>command</Filter>
    </ClCompile>
  </ItemGroup>
</Project>